
Microsoft Visual Studio Solution File, Format Version 12.00
# Visual Studio Version 16
VisualStudioVersion = 16.0.31829.152
MinimumVisualStudioVersion = 10.0.40219.1
Project("{FAE04EC0-301F-11D3-BF4B-00C04F79EFBC}") = "StudentWcfConsume", "StudentWcfConsume\StudentWcfConsume.csproj", "{35B5FBB6-C3E0-4367-A020-9EA5D623088B}"
EndProject
Global
	GlobalSection(SolutionConfigurationPlatforms) = preSolution
		Debug|Any CPU = Debug|Any CPU
		Release|Any CPU = Release|Any CPU
	EndGlobalSection
	GlobalSection(ProjectConfigurationPlatforms) = postSolution
		{35B5FBB6-C3E0-4367-A020-9EA5D623088B}.Debug|Any CPU.ActiveCfg = Debug|Any CPU
		{35B5FBB6-C3E0-4367-A020-9EA5D623088B}.Debug|Any CPU.Build.0 = Debug|Any CPU
		{35B5FBB6-C3E0-4367-A020-9EA5D623088B}.Release|Any CPU.ActiveCfg = Release|Any CPU
		{35B5FBB6-C3E0-4367-A020-9EA5D623088B}.Release|Any CPU.Build.0 = Release|Any CPU
	EndGlobalSection
	GlobalSection(SolutionProperties) = preSolution
		HideSolutionNode = FALSE
	EndGlobalSection
	GlobalSection(ExtensibilityGlobals) = postSolution
		SolutionGuid = {02385C45-90FE-4096-866F-3BFE54E537C6}
	EndGlobalSection
EndGlobal
